# This file is automatically @generated by Cargo.
# It is not intended for manual editing.
[[package]]
name = "wasm-validation"
version = "0.1.0"
dependencies = [
 "wasmparser 0.29.2 (registry+https://github.com/rust-lang/crates.io-index)",
]

[[package]]
name = "wasmparser"
version = "0.29.2"
source = "registry+https://github.com/rust-lang/crates.io-index"

[metadata]
"checksum wasmparser 0.29.2 (registry+https://github.com/rust-lang/crates.io-index)" = "981a8797cf89762e0233ec45fae731cb79a4dfaee12d9f0fe6cee01e4ac58d00"
